
Microsoft Visual Studio Solution File, Format Version 12.00
# Visual Studio Version 17
VisualStudioVersion = 17.3.32825.248
MinimumVisualStudioVersion = 10.0.40219.1
Project("{FAE04EC0-301F-11D3-BF4B-00C04F79EFBC}") = "GKFile", "GKFile\GKFile.csproj", "{A3FBCBB9-52C6-4BC3-81DA-BC7B8BA71C45}"
EndProject
Global
	GlobalSection(SolutionConfigurationPlatforms) = preSolution
		Debug|Any CPU = Debug|Any CPU
		Release|Any CPU = Release|Any CPU
	EndGlobalSection
	GlobalSection(ProjectConfigurationPlatforms) = postSolution
		{A3FBCBB9-52C6-4BC3-81DA-BC7B8BA71C45}.Debug|Any CPU.ActiveCfg = Debug|Any CPU
		{A3FBCBB9-52C6-4BC3-81DA-BC7B8BA71C45}.Debug|Any CPU.Build.0 = Debug|Any CPU
		{A3FBCBB9-52C6-4BC3-81DA-BC7B8BA71C45}.Release|Any CPU.ActiveCfg = Release|Any CPU
		{A3FBCBB9-52C6-4BC3-81DA-BC7B8BA71C45}.Release|Any CPU.Build.0 = Release|Any CPU
	EndGlobalSection
	GlobalSection(SolutionProperties) = preSolution
		HideSolutionNode = FALSE
	EndGlobalSection
	GlobalSection(ExtensibilityGlobals) = postSolution
		SolutionGuid = {1FE32A7E-40D5-490C-BDBC-926AB48D582E}
	EndGlobalSection
EndGlobal
